
Microsoft Visual Studio Solution File, Format Version 12.00
# Visual Studio Version 16
VisualStudioVersion = 16.0.33920.266
MinimumVisualStudioVersion = 10.0.40219.1
Project("{FAE04EC0-301F-11D3-BF4B-00C04F79EFBC}") = "HealthCare", "HealthCare\HealthCare.csproj", "{56004E11-7682-4DE8-8D31-3C47546E2D3C}"
EndProject
Global
	GlobalSection(SolutionConfigurationPlatforms) = preSolution
		Debug|Any CPU = Debug|Any CPU
		Release|Any CPU = Release|Any CPU
	EndGlobalSection
	GlobalSection(ProjectConfigurationPlatforms) = postSolution
		{56004E11-7682-4DE8-8D31-3C47546E2D3C}.Debug|Any CPU.ActiveCfg = Debug|Any CPU
		{56004E11-7682-4DE8-8D31-3C47546E2D3C}.Debug|Any CPU.Build.0 = Debug|Any CPU
		{56004E11-7682-4DE8-8D31-3C47546E2D3C}.Release|Any CPU.ActiveCfg = Release|Any CPU
		{56004E11-7682-4DE8-8D31-3C47546E2D3C}.Release|Any CPU.Build.0 = Release|Any CPU
	EndGlobalSection
	GlobalSection(SolutionProperties) = preSolution
		HideSolutionNode = FALSE
	EndGlobalSection
	GlobalSection(ExtensibilityGlobals) = postSolution
		SolutionGuid = {B5F4E181-F87C-49DF-9C96-B05F3BC3DB89}
	EndGlobalSection
EndGlobal
